// !$*UTF8*$!
{
	archiveVersion = 1;
	classes = {
	};
	objectVersion = 50;
	objects = {

/* Begin PBXBuildFile section */
		59FF5A2723ED65A6000C5A04 /* AppDelegate.swift in Sources */ = {isa = PBXBuildFile; fileRef = 59FF5A2623ED65A6000C5A04 /* AppDelegate.swift */; };
		59FF5A2923ED65A6000C5A04 /* SceneDelegate.swift in Sources */ = {isa = PBXBuildFile; fileRef = 59FF5A2823ED65A6000C5A04 /* SceneDelegate.swift */; };
		59FF5A2B23ED65A6000C5A04 /* ViewController.swift in Sources */ = {isa = PBXBuildFile; fileRef = 59FF5A2A23ED65A6000C5A04 /* ViewController.swift */; };
		59FF5A2E23ED65A6000C5A04 /* Main.storyboard in Resources */ = {isa = PBXBuildFile; fileRef = 59FF5A2C23ED65A6000C5A04 /* Main.storyboard */; };
		59FF5A3023ED65A7000C5A04 /* Assets.xcassets in Resources */ = {isa = PBXBuildFile; fileRef = 59FF5A2F23ED65A7000C5A04 /* Assets.xcassets */; };
		59FF5A3323ED65A7000C5A04 /* LaunchScreen.storyboard in Resources */ = {isa = PBXBuildFile; fileRef = 59FF5A3123ED65A7000C5A04 /* LaunchScreen.storyboard */; };
		59FF5A3E23ED65A7000C5A04 /* HelloNameTests.swift in Sources */ = {isa = PBXBuildFile; fileRef = 59FF5A3D23ED65A7000C5A04 /* HelloNameTests.swift */; };
		59FF5A4923ED65A7000C5A04 /* HelloNameUITests.swift in Sources */ = {isa = PBXBuildFile; fileRef = 59FF5A4823ED65A7000C5A04 /* HelloNameUITests.swift */; };
/* End PBXBuildFile section */

/* Begin PBXContainerItemProxy section */
		59FF5A3A23ED65A7000C5A04 /* PBXContainerItemProxy */ = {
			isa = PBXContainerItemProxy;
			containerPortal = 59FF5A1B23ED65A6000C5A04 /* Project object */;
			proxyType = 1;
			remoteGlobalIDString = 59FF5A2223ED65A6000C5A04;
			remoteInfo = HelloName;
		};
		59FF5A4523ED65A7000C5A04 /* PBXContainerItemProxy */ = {
			isa = PBXContainerItemProxy;
			containerPortal = 59FF5A1B23ED65A6000C5A04 /* Project object */;
			proxyType = 1;
			remoteGlobalIDString = 59FF5A2223ED65A6000C5A04;
			remoteInfo = HelloName;
		};
/* End PBXContainerItemProxy section */

/* Begin PBXFileReference section */
		59FF5A2323ED65A6000C5A04 /* HelloName.app */ = {isa = PBXFileReference; explicitFileType = wrapper.application; includeInIndex = 0; path = HelloName.app; sourceTree = BUILT_PRODUCTS_DIR; };
		59FF5A2623ED65A6000C5A04 /* AppDelegate.swift */ = {isa = PBXFileReference; lastKnownFileType = sourcecode.swift; path = AppDelegate.swift; sourceTree = "<group>"; };
		59FF5A2823ED65A6000C5A04 /* SceneDelegate.swift */ = {isa = PBXFileReference; lastKnownFileType = sourcecode.swift; path = SceneDelegate.swift; sourceTree = "<group>"; };
		59FF5A2A23ED65A6000C5A04 /* ViewController.swift */ = {isa = PBXFileReference; lastKnownFileType = sourcecode.swift; path = ViewController.swift; sourceTree = "<group>"; };
		59FF5A2D23ED65A6000C5A04 /* Base */ = {isa = PBXFileReference; lastKnownFileType = file.storyboard; name = Base; path = Base.lproj/Main.storyboard; sourceTree = "<group>"; };
		59FF5A2F23ED65A7000C5A04 /* Assets.xcassets */ = {isa = PBXFileReference; lastKnownFileType = folder.assetcatalog; path = Assets.xcassets; sourceTree = "<group>"; };
		59FF5A3223ED65A7000C5A04 /* Base */ = {isa = PBXFileReference; lastKnownFileType = file.storyboard; name = Base; path = Base.lproj/LaunchScreen.storyboard; sourceTree = "<group>"; };
		59FF5A3423ED65A7000C5A04 /* Info.plist */ = {isa = PBXFileReference; lastKnownFileType = text.plist.xml; path = Info.plist; sourceTree = "<group>"; };
		59FF5A3923ED65A7000C5A04 /* HelloNameTests.xctest */ = {isa = PBXFileReference; explicitFileType = wrapper.cfbundle; includeInIndex = 0; path = HelloNameTests.xctest; sourceTree = BUILT_PRODUCTS_DIR; };
		59FF5A3D23ED65A7000C5A04 /* HelloNameTests.swift */ = {isa = PBXFileReference; lastKnownFileType = sourcecode.swift; path = HelloNameTests.swift; sourceTree = "<group>"; };
		59FF5A3F23ED65A7000C5A04 /* Info.plist */ = {isa = PBXFileReference; lastKnownFileType = text.plist.xml; path = Info.plist; sourceTree = "<group>"; };
		59FF5A4423ED65A7000C5A04 /* HelloNameUITests.xctest */ = {isa = PBXFileReference; explicitFileType = wrapper.cfbundle; includeInIndex = 0; path = HelloNameUITests.xctest; sourceTree = BUILT_PRODUCTS_DIR; };
		59FF5A4823ED65A7000C5A04 /* HelloNameUITests.swift */ = {isa = PBXFileReference; lastKnownFileType = sourcecode.swift; path = HelloNameUITests.swift; sourceTree = "<group>"; };
		59FF5A4A23ED65A7000C5A04 /* Info.plist */ = {isa = PBXFileReference; lastKnownFileType = text.plist.xml; path = Info.plist; sourceTree = "<group>"; };
/* End PBXFileReference section */

/* Begin PBXFrameworksBuildPhase section */
		59FF5A2023ED65A6000C5A04 /* Frameworks */ = {
			isa = PBXFrameworksBuildPhase;
			buildActionMask = 2147483647;
			files = (
			);
			runOnlyForDeploymentPostprocessing = 0;
		};
		59FF5A3623ED65A7000C5A04 /* Frameworks */ = {
			isa = PBXFrameworksBuildPhase;
			buildActionMask = 2147483647;
			files = (
			);
			runOnlyForDeploymentPostprocessing = 0;
		};
		59FF5A4123ED65A7000C5A04 /* Frameworks */ = {
			isa = PBXFrameworksBuildPhase;
			buildActionMask = 2147483647;
			files = (
			);
			runOnlyForDeploymentPostprocessing = 0;
		};
/* End PBXFrameworksBuildPhase section */

/* Begin PBXGroup section */
		59FF5A1A23ED65A6000C5A04 = {
			isa = PBXGroup;
			children = (
				59FF5A2523ED65A6000C5A04 /* HelloName */,
				59FF5A3C23ED65A7000C5A04 /* HelloNameTests */,
				59FF5A4723ED65A7000C5A04 /* HelloNameUITests */,
				59FF5A2423ED65A6000C5A04 /* Products */,
			);
			sourceTree = "<group>";
		};
		59FF5A2423ED65A6000C5A04 /* Products */ = {
			isa = PBXGroup;
			children = (
				59FF5A2323ED65A6000C5A04 /* HelloName.app */,
				59FF5A3923ED65A7000C5A04 /* HelloNameTests.xctest */,
				59FF5A4423ED65A7000C5A04 /* HelloNameUITests.xctest */,
			);
			name = Products;
			sourceTree = "<group>";
		};
		59FF5A2523ED65A6000C5A04 /* HelloName */ = {
			isa = PBXGroup;
			children = (
				59FF5A2623ED65A6000C5A04 /* AppDelegate.swift */,
				59FF5A2823ED65A6000C5A04 /* SceneDelegate.swift */,
				59FF5A2A23ED65A6000C5A04 /* ViewController.swift */,
				59FF5A2C23ED65A6000C5A04 /* Main.storyboard */,
				59FF5A2F23ED65A7000C5A04 /* Assets.xcassets */,
				59FF5A3123ED65A7000C5A04 /* LaunchScreen.storyboard */,
				59FF5A3423ED65A7000C5A04 /* Info.plist */,
			);
			path = HelloName;
			sourceTree = "<group>";
		};
		59FF5A3C23ED65A7000C5A04 /* HelloNameTests */ = {
			isa = PBXGroup;
			children = (
				59FF5A3D23ED65A7000C5A04 /* HelloNameTests.swift */,
				59FF5A3F23ED65A7000C5A04 /* Info.plist */,
			);
			path = HelloNameTests;
			sourceTree = "<group>";
		};
		59FF5A4723ED65A7000C5A04 /* HelloNameUITests */ = {
			isa = PBXGroup;
			children = (
				59FF5A4823ED65A7000C5A04 /* HelloNameUITests.swift */,
				59FF5A4A23ED65A7000C5A04 /* Info.plist */,
			);
			path = HelloNameUITests;
			sourceTree = "<group>";
		};
/* End PBXGroup section */

/* Begin PBXNativeTarget section */
		59FF5A2223ED65A6000C5A04 /* HelloName */ = {
			isa = PBXNativeTarget;
			buildConfigurationList = 59FF5A4D23ED65A7000C5A04 /* Build configuration list for PBXNativeTarget "HelloName" */;
			buildPhases = (
				59FF5A1F23ED65A6000C5A04 /* Sources */,
				59FF5A2023ED65A6000C5A04 /* Frameworks */,
				59FF5A2123ED65A6000C5A04 /* Resources */,
			);
			buildRules = (
			);
			dependencies = (
			);
			name = HelloName;
			productName = HelloName;
			productReference = 59FF5A2323ED65A6000C5A04 /* HelloName.app */;
			productType = "com.apple.product-type.application";
		};
		59FF5A3823ED65A7000C5A04 /* HelloNameTests */ = {
			isa = PBXNativeTarget;
			buildConfigurationList = 59FF5A5023ED65A7000C5A04 /* Build configuration list for PBXNativeTarget "HelloNameTests" */;
			buildPhases = (
				59FF5A3523ED65A7000C5A04 /* Sources */,
				59FF5A3623ED65A7000C5A04 /* Frameworks */,
				59FF5A3723ED65A7000C5A04 /* Resources */,
			);
			buildRules = (
			);
			dependencies = (
				59FF5A3B23ED65A7000C5A04 /* PBXTargetDependency */,
			);
			name = HelloNameTests;
			productName = HelloNameTests;
			productReference = 59FF5A3923ED65A7000C5A04 /* HelloNameTests.xctest */;
			productType = "com.apple.product-type.bundle.unit-test";
		};
		59FF5A4323ED65A7000C5A04 /* HelloNameUITests */ = {
			isa = PBXNativeTarget;
			buildConfigurationList = 59FF5A5323ED65A7000C5A04 /* Build configuration list for PBXNativeTarget "HelloNameUITests" */;
			buildPhases = (
				59FF5A4023ED65A7000C5A04 /* Sources */,
				59FF5A4123ED65A7000C5A04 /* Frameworks */,
				59FF5A4223ED65A7000C5A04 /* Resources */,
			);
			buildRules = (
			);
			dependencies = (
				59FF5A4623ED65A7000C5A04 /* PBXTargetDependency */,
			);
			name = HelloNameUITests;
			productName = HelloNameUITests;
			productReference = 59FF5A4423ED65A7000C5A04 /* HelloNameUITests.xctest */;
			productType = "com.apple.product-type.bundle.ui-testing";
		};
/* End PBXNativeTarget section */

/* Begin PBXProject section */
		59FF5A1B23ED65A6000C5A04 /* Project object */ = {
			isa = PBXProject;
			attributes = {
				LastSwiftUpdateCheck = 1130;
				LastUpgradeCheck = 1130;
				ORGANIZATIONNAME = "Rasmus Knoth Nielsen";
				TargetAttributes = {
					59FF5A2223ED65A6000C5A04 = {
						CreatedOnToolsVersion = 11.3.1;
					};
					59FF5A3823ED65A7000C5A04 = {
						CreatedOnToolsVersion = 11.3.1;
						TestTargetID = 59FF5A2223ED65A6000C5A04;
					};
					59FF5A4323ED65A7000C5A04 = {
						CreatedOnToolsVersion = 11.3.1;
						TestTargetID = 59FF5A2223ED65A6000C5A04;
					};
				};
			};
			buildConfigurationList = 59FF5A1E23ED65A6000C5A04 /* Build configuration list for PBXProject "HelloName" */;
			compatibilityVersion = "Xcode 9.3";
			developmentRegion = en;
			hasScannedForEncodings = 0;
			knownRegions = (
				en,
				Base,
			);
			mainGroup = 59FF5A1A23ED65A6000C5A04;
			productRefGroup = 59FF5A2423ED65A6000C5A04 /* Products */;
			projectDirPath = "";
			projectRoot = "";
			targets = (
				59FF5A2223ED65A6000C5A04 /* HelloName */,
				59FF5A3823ED65A7000C5A04 /* HelloNameTests */,
				59FF5A4323ED65A7000C5A04 /* HelloNameUITests */,
			);
		};
/* End PBXProject section */

/* Begin PBXResourcesBuildPhase section */
		59FF5A2123ED65A6000C5A04 /* Resources */ = {
			isa = PBXResourcesBuildPhase;
			buildActionMask = 2147483647;
			files = (
				59FF5A3323ED65A7000C5A04 /* LaunchScreen.storyboard in Resources */,
				59FF5A3023ED65A7000C5A04 /* Assets.xcassets in Resources */,
				59FF5A2E23ED65A6000C5A04 /* Main.storyboard in Resources */,
			);
			runOnlyForDeploymentPostprocessing = 0;
		};
		59FF5A3723ED65A7000C5A04 /* Resources */ = {
			isa = PBXResourcesBuildPhase;
			buildActionMask = 2147483647;
			files = (
			);
			runOnlyForDeploymentPostprocessing = 0;
		};
		59FF5A4223ED65A7000C5A04 /* Resources */ = {
			isa = PBXResourcesBuildPhase;
			buildActionMask = 2147483647;
			files = (
			);
			runOnlyForDeploymentPostprocessing = 0;
		};
/* End PBXResourcesBuildPhase section */

/* Begin PBXSourcesBuildPhase section */
		59FF5A1F23ED65A6000C5A04 /* Sources */ = {
			isa = PBXSourcesBuildPhase;
			buildActionMask = 2147483647;
			files = (
				59FF5A2B23ED65A6000C5A04 /* ViewController.swift in Sources */,
				59FF5A2723ED65A6000C5A04 /* AppDelegate.swift in Sources */,
				59FF5A2923ED65A6000C5A04 /* SceneDelegate.swift in Sources */,
			);
			runOnlyForDeploymentPostprocessing = 0;
		};
		59FF5A3523ED65A7000C5A04 /* Sources */ = {
			isa = PBXSourcesBuildPhase;
			buildActionMask = 2147483647;
			files = (
				59FF5A3E23ED65A7000C5A04 /* HelloNameTests.swift in Sources */,
			);
			runOnlyForDeploymentPostprocessing = 0;
		};
		59FF5A4023ED65A7000C5A04 /* Sources */ = {
			isa = PBXSourcesBuildPhase;
			buildActionMask = 2147483647;
			files = (
				59FF5A4923ED65A7000C5A04 /* HelloNameUITests.swift in Sources */,
			);
			runOnlyForDeploymentPostprocessing = 0;
		};
/* End PBXSourcesBuildPhase section */

/* Begin PBXTargetDependency section */
		59FF5A3B23ED65A7000C5A04 /* PBXTargetDependency */ = {
			isa = PBXTargetDependency;
			target = 59FF5A2223ED65A6000C5A04 /* HelloName */;
			targetProxy = 59FF5A3A23ED65A7000C5A04 /* PBXContainerItemProxy */;
		};
		59FF5A4623ED65A7000C5A04 /* PBXTargetDependency */ = {
			isa = PBXTargetDependency;
			target = 59FF5A2223ED65A6000C5A04 /* HelloName */;
			targetProxy = 59FF5A4523ED65A7000C5A04 /* PBXContainerItemProxy */;
		};
/* End PBXTargetDependency section */

/* Begin PBXVariantGroup section */
		59FF5A2C23ED65A6000C5A04 /* Main.storyboard */ = {
			isa = PBXVariantGroup;
			children = (
				59FF5A2D23ED65A6000C5A04 /* Base */,
			);
			name = Main.storyboard;
			sourceTree = "<group>";
		};
		59FF5A3123ED65A7000C5A04 /* LaunchScreen.storyboard */ = {
			isa = PBXVariantGroup;
			children = (
				59FF5A3223ED65A7000C5A04 /* Base */,
			);
			name = LaunchScreen.storyboard;
			sourceTree = "<group>";
		};
/* End PBXVariantGroup section */

/* Begin XCBuildConfiguration section */
		59FF5A4B23ED65A7000C5A04 /* Debug */ = {
			isa = XCBuildConfiguration;
			buildSettings = {
				ALWAYS_SEARCH_USER_PATHS = NO;
				CLANG_ANALYZER_NONNULL = YES;
				CLANG_ANALYZER_NUMBER_OBJECT_CONVERSION = YES_AGGRESSIVE;
				CLANG_CXX_LANGUAGE_STANDARD = "gnu++14";
				CLANG_CXX_LIBRARY = "libc++";
				CLANG_ENABLE_MODULES = YES;
				CLANG_ENABLE_OBJC_ARC = YES;
				CLANG_ENABLE_OBJC_WEAK = YES;
				CLANG_WARN_BLOCK_CAPTURE_AUTORELEASING = YES;
				CLANG_WARN_BOOL_CONVERSION = YES;
				CLANG_WARN_COMMA = YES;
				CLANG_WARN_CONSTANT_CONVERSION = YES;
				CLANG_WARN_DEPRECATED_OBJC_IMPLEMENTATIONS = YES;
				CLANG_WARN_DIRECT_OBJC_ISA_USAGE = YES_ERROR;
				CLANG_WARN_DOCUMENTATION_COMMENTS = YES;
				CLANG_WARN_EMPTY_BODY = YES;
				CLANG_WARN_ENUM_CONVERSION = YES;
				CLANG_WARN_INFINITE_RECURSION = YES;
				CLANG_WARN_INT_CONVERSION = YES;
				CLANG_WARN_NON_LITERAL_NULL_CONVERSION = YES;
				CLANG_WARN_OBJC_IMPLICIT_RETAIN_SELF = YES;
				CLANG_WARN_OBJC_LITERAL_CONVERSION = YES;
				CLANG_WARN_OBJC_ROOT_CLASS = YES_ERROR;
				CLANG_WARN_RANGE_LOOP_ANALYSIS = YES;
				CLANG_WARN_STRICT_PROTOTYPES = YES;
				CLANG_WARN_SUSPICIOUS_MOVE = YES;
				CLANG_WARN_UNGUARDED_AVAILABILITY = YES_AGGRESSIVE;
				CLANG_WARN_UNREACHABLE_CODE = YES;
				CLANG_WARN__DUPLICATE_METHOD_MATCH = YES;
				COPY_PHASE_STRIP = NO;
				DEBUG_INFORMATION_FORMAT = dwarf;
				ENABLE_STRICT_OBJC_MSGSEND = YES;
				ENABLE_TESTABILITY = YES;
				GCC_C_LANGUAGE_STANDARD = gnu11;
				GCC_DYNAMIC_NO_PIC = NO;
				GCC_NO_COMMON_BLOCKS = YES;
				GCC_OPTIMIZATION_LEVEL = 0;
				GCC_PREPROCESSOR_DEFINITIONS = (
					"DEBUG=1",
					"$(inherited)",
				);
				GCC_WARN_64_TO_32_BIT_CONVERSION = YES;
				GCC_WARN_ABOUT_RETURN_TYPE = YES_ERROR;
				GCC_WARN_UNDECLARED_SELECTOR = YES;
				GCC_WARN_UNINITIALIZED_AUTOS = YES_AGGRESSIVE;
				GCC_WARN_UNUSED_FUNCTION = YES;
				GCC_WARN_UNUSED_VARIABLE = YES;
				IPHONEOS_DEPLOYMENT_TARGET = 13.2;
				MTL_ENABLE_DEBUG_INFO = INCLUDE_SOURCE;
				MTL_FAST_MATH = YES;
				ONLY_ACTIVE_ARCH = YES;
				SDKROOT = iphoneos;
				SWIFT_ACTIVE_COMPILATION_CONDITIONS = DEBUG;
				SWIFT_OPTIMIZATION_LEVEL = "-Onone";
			};
			name = Debug;
		};
		59FF5A4C23ED65A7000C5A04 /* Release */ = {
			isa = XCBuildConfiguration;
			buildSettings = {
				ALWAYS_SEARCH_USER_PATHS = NO;
				CLANG_ANALYZER_NONNULL = YES;
				CLANG_ANALYZER_NUMBER_OBJECT_CONVERSION = YES_AGGRESSIVE;
				CLANG_CXX_LANGUAGE_STANDARD = "gnu++14";
				CLANG_CXX_LIBRARY = "libc++";
				CLANG_ENABLE_MODULES = YES;
				CLANG_ENABLE_OBJC_ARC = YES;
				CLANG_ENABLE_OBJC_WEAK = YES;
				CLANG_WARN_BLOCK_CAPTURE_AUTORELEASING = YES;
				CLANG_WARN_BOOL_CONVERSION = YES;
				CLANG_WARN_COMMA = YES;
				CLANG_WARN_CONSTANT_CONVERSION = YES;
				CLANG_WARN_DEPRECATED_OBJC_IMPLEMENTATIONS = YES;
				CLANG_WARN_DIRECT_OBJC_ISA_USAGE = YES_ERROR;
				CLANG_WARN_DOCUMENTATION_COMMENTS = YES;
				CLANG_WARN_EMPTY_BODY = YES;
				CLANG_WARN_ENUM_CONVERSION = YES;
				CLANG_WARN_INFINITE_RECURSION = YES;
				CLANG_WARN_INT_CONVERSION = YES;
				CLANG_WARN_NON_LITERAL_NULL_CONVERSION = YES;
				CLANG_WARN_OBJC_IMPLICIT_RETAIN_SELF = YES;
				CLANG_WARN_OBJC_LITERAL_CONVERSION = YES;
				CLANG_WARN_OBJC_ROOT_CLASS = YES_ERROR;
				CLANG_WARN_RANGE_LOOP_ANALYSIS = YES;
				CLANG_WARN_STRICT_PROTOTYPES = YES;
				CLANG_WARN_SUSPICIOUS_MOVE = YES;
				CLANG_WARN_UNGUARDED_AVAILABILITY = YES_AGGRESSIVE;
				CLANG_WARN_UNREACHABLE_CODE = YES;
				CLANG_WARN__DUPLICATE_METHOD_MATCH = YES;
				COPY_PHASE_STRIP = NO;
				DEBUG_INFORMATION_FORMAT = "dwarf-with-dsym";
				ENABLE_NS_ASSERTIONS = NO;
				ENABLE_STRICT_OBJC_MSGSEND = YES;
				GCC_C_LANGUAGE_STANDARD = gnu11;
				GCC_NO_COMMON_BLOCKS = YES;
				GCC_WARN_64_TO_32_BIT_CONVERSION = YES;
				GCC_WARN_ABOUT_RETURN_TYPE = YES_ERROR;
				GCC_WARN_UNDECLARED_SELECTOR = YES;
				GCC_WARN_UNINITIALIZED_AUTOS = YES_AGGRESSIVE;
				GCC_WARN_UNUSED_FUNCTION = YES;
				GCC_WARN_UNUSED_VARIABLE = YES;
				IPHONEOS_DEPLOYMENT_TARGET = 13.2;
				MTL_ENABLE_DEBUG_INFO = NO;
				MTL_FAST_MATH = YES;
				SDKROOT = iphoneos;
				SWIFT_COMPILATION_MODE = wholemodule;
				SWIFT_OPTIMIZATION_LEVEL = "-O";
				VALIDATE_PRODUCT = YES;
			};
			name = Release;
		};
		59FF5A4E23ED65A7000C5A04 /* Debug */ = {
			isa = XCBuildConfiguration;
			buildSettings = {
				ASSETCATALOG_COMPILER_APPICON_NAME = AppIcon;
				CODE_SIGN_STYLE = Automatic;
				DEVELOPMENT_TEAM = FUYR9P492P;
				INFOPLIST_FILE = HelloName/Info.plist;
				LD_RUNPATH_SEARCH_PATHS = (
					"$(inherited)",
					"@executable_path/Frameworks",
				);
				PRODUCT_BUNDLE_IDENTIFIER = RaNi.HelloName;
				PRODUCT_NAME = "$(TARGET_NAME)";
				SWIFT_VERSION = 5.0;
				TARGETED_DEVICE_FAMILY = "1,2";
			};
			name = Debug;
		};
		59FF5A4F23ED65A7000C5A04 /* Release */ = {
			isa = XCBuildConfiguration;
			buildSettings = {
				ASSETCATALOG_COMPILER_APPICON_NAME = AppIcon;
				CODE_SIGN_STYLE = Automatic;
				DEVELOPMENT_TEAM = FUYR9P492P;
				INFOPLIST_FILE = HelloName/Info.plist;
				LD_RUNPATH_SEARCH_PATHS = (
					"$(inherited)",
					"@executable_path/Frameworks",
				);
				PRODUCT_BUNDLE_IDENTIFIER = RaNi.HelloName;
				PRODUCT_NAME = "$(TARGET_NAME)";
				SWIFT_VERSION = 5.0;
				TARGETED_DEVICE_FAMILY = "1,2";
			};
			name = Release;
		};
		59FF5A5123ED65A7000C5A04 /* Debug */ = {
			isa = XCBuildConfiguration;
			buildSettings = {
				ALWAYS_EMBED_SWIFT_STANDARD_LIBRARIES = YES;
				BUNDLE_LOADER = "$(TEST_HOST)";
				CODE_SIGN_STYLE = Automatic;
				DEVELOPMENT_TEAM = FUYR9P492P;
				INFOPLIST_FILE = HelloNameTests/Info.plist;
				IPHONEOS_DEPLOYMENT_TARGET = 13.2;
				LD_RUNPATH_SEARCH_PATHS = (
					"$(inherited)",
					"@executable_path/Frameworks",
					"@loader_path/Frameworks",
				);
				PRODUCT_BUNDLE_IDENTIFIER = RaNi.HelloNameTests;
				PRODUCT_NAME = "$(TARGET_NAME)";
				SWIFT_VERSION = 5.0;
				TARGETED_DEVICE_FAMILY = "1,2";
				TEST_HOST = "$(BUILT_PRODUCTS_DIR)/HelloName.app/HelloName";
			};
			name = Debug;
		};
		59FF5A5223ED65A7000C5A04 /* Release */ = {
			isa = XCBuildConfiguration;
			buildSettings = {
				ALWAYS_EMBED_SWIFT_STANDARD_LIBRARIES = YES;
				BUNDLE_LOADER = "$(TEST_HOST)";
				CODE_SIGN_STYLE = Automatic;
				DEVELOPMENT_TEAM = FUYR9P492P;
				INFOPLIST_FILE = HelloNameTests/Info.plist;
				IPHONEOS_DEPLOYMENT_TARGET = 13.2;
				LD_RUNPATH_SEARCH_PATHS = (
					"$(inherited)",
					"@executable_path/Frameworks",
					"@loader_path/Frameworks",
				);
				PRODUCT_BUNDLE_IDENTIFIER = RaNi.HelloNameTests;
				PRODUCT_NAME = "$(TARGET_NAME)";
				SWIFT_VERSION = 5.0;
				TARGETED_DEVICE_FAMILY = "1,2";
				TEST_HOST = "$(BUILT_PRODUCTS_DIR)/HelloName.app/HelloName";
			};
			name = Release;
		};
		59FF5A5423ED65A7000C5A04 /* Debug */ = {
			isa = XCBuildConfiguration;
			buildSettings = {
				ALWAYS_EMBED_SWIFT_STANDARD_LIBRARIES = YES;
				CODE_SIGN_STYLE = Automatic;
				DEVELOPMENT_TEAM = FUYR9P492P;
				INFOPLIST_FILE = HelloNameUITests/Info.plist;
				LD_RUNPATH_SEARCH_PATHS = (
					"$(inherited)",
					"@executable_path/Frameworks",
					"@loader_path/Frameworks",
				);
				PRODUCT_BUNDLE_IDENTIFIER = RaNi.HelloNameUITests;
				PRODUCT_NAME = "$(TARGET_NAME)";
				SWIFT_VERSION = 5.0;
				TARGETED_DEVICE_FAMILY = "1,2";
				TEST_TARGET_NAME = HelloName;
			};
			name = Debug;
		};
		59FF5A5523ED65A7000C5A04 /* Release */ = {
			isa = XCBuildConfiguration;
			buildSettings = {
				ALWAYS_EMBED_SWIFT_STANDARD_LIBRARIES = YES;
				CODE_SIGN_STYLE = Automatic;
				DEVELOPMENT_TEAM = FUYR9P492P;
				INFOPLIST_FILE = HelloNameUITests/Info.plist;
				LD_RUNPATH_SEARCH_PATHS = (
					"$(inherited)",
					"@executable_path/Frameworks",
					"@loader_path/Frameworks",
				);
				PRODUCT_BUNDLE_IDENTIFIER = RaNi.HelloNameUITests;
				PRODUCT_NAME = "$(TARGET_NAME)";
				SWIFT_VERSION = 5.0;
				TARGETED_DEVICE_FAMILY = "1,2";
				TEST_TARGET_NAME = HelloName;
			};
			name = Release;
		};
/* End XCBuildConfiguration section */

/* Begin XCConfigurationList section */
		59FF5A1E23ED65A6000C5A04 /* Build configuration list for PBXProject "HelloName" */ = {
			isa = XCConfigurationList;
			buildConfigurations = (
				59FF5A4B23ED65A7000C5A04 /* Debug */,
				59FF5A4C23ED65A7000C5A04 /* Release */,
			);
			defaultConfigurationIsVisible = 0;
			defaultConfigurationName = Release;
		};
		59FF5A4D23ED65A7000C5A04 /* Build configuration list for PBXNativeTarget "HelloName" */ = {
			isa = XCConfigurationList;
			buildConfigurations = (
				59FF5A4E23ED65A7000C5A04 /* Debug */,
				59FF5A4F23ED65A7000C5A04 /* Release */,
			);
			defaultConfigurationIsVisible = 0;
			defaultConfigurationName = Release;
		};
		59FF5A5023ED65A7000C5A04 /* Build configuration list for PBXNativeTarget "HelloNameTests" */ = {
			isa = XCConfigurationList;
			buildConfigurations = (
				59FF5A5123ED65A7000C5A04 /* Debug */,
				59FF5A5223ED65A7000C5A04 /* Release */,
			);
			defaultConfigurationIsVisible = 0;
			defaultConfigurationName = Release;
		};
		59FF5A5323ED65A7000C5A04 /* Build configuration list for PBXNativeTarget "HelloNameUITests" */ = {
			isa = XCConfigurationList;
			buildConfigurations = (
				59FF5A5423ED65A7000C5A04 /* Debug */,
				59FF5A5523ED65A7000C5A04 /* Release */,
			);
			defaultConfigurationIsVisible = 0;
			defaultConfigurationName = Release;
		};
/* End XCConfigurationList section */
	};
	rootObject = 59FF5A1B23ED65A6000C5A04 /* Project object */;
}
